// !$*UTF8*$!
{
	archiveVersion = 1;
	classes = {
	};
	objectVersion = 50;
	objects = {

/* Begin PBXBuildFile section */
		0014F40820731061000C0B5C /* BallPulse.swift in Sources */ = {isa = PBXBuildFile; fileRef = 0014F40720731061000C0B5C /* BallPulse.swift */; };
		0014F40A20731CC4000C0B5C /* BallGridPulse.swift in Sources */ = {isa = PBXBuildFile; fileRef = 0014F40920731CC4000C0B5C /* BallGridPulse.swift */; };
		0014F4142073558E000C0B5C /* BallClipRotate.swift in Sources */ = {isa = PBXBuildFile; fileRef = 0014F4132073558E000C0B5C /* BallClipRotate.swift */; };
		0014F41620736122000C0B5C /* SquareSpin.swift in Sources */ = {isa = PBXBuildFile; fileRef = 0014F41520736122000C0B5C /* SquareSpin.swift */; };
		004C894720720DF500C0BF71 /* AppDelegate.swift in Sources */ = {isa = PBXBuildFile; fileRef = 004C894620720DF500C0BF71 /* AppDelegate.swift */; };
		004C894920720DF500C0BF71 /* ViewController.swift in Sources */ = {isa = PBXBuildFile; fileRef = 004C894820720DF500C0BF71 /* ViewController.swift */; };
		004C894C20720DF500C0BF71 /* Main.storyboard in Resources */ = {isa = PBXBuildFile; fileRef = 004C894A20720DF500C0BF71 /* Main.storyboard */; };
		004C894E20720DF600C0BF71 /* Assets.xcassets in Resources */ = {isa = PBXBuildFile; fileRef = 004C894D20720DF600C0BF71 /* Assets.xcassets */; };
		004C895120720DF600C0BF71 /* LaunchScreen.storyboard in Resources */ = {isa = PBXBuildFile; fileRef = 004C894F20720DF600C0BF71 /* LaunchScreen.storyboard */; };
		004C895A20720FC300C0BF71 /* CircleStrokeSpin.swift in Sources */ = {isa = PBXBuildFile; fileRef = 004C895920720FC300C0BF71 /* CircleStrokeSpin.swift */; };
		004C895C20720FF300C0BF71 /* CCPHud.swift in Sources */ = {isa = PBXBuildFile; fileRef = 004C895B20720FF300C0BF71 /* CCPHud.swift */; };
		004C895E20721D9400C0BF71 /* LayerShapes.swift in Sources */ = {isa = PBXBuildFile; fileRef = 004C895D20721D9400C0BF71 /* LayerShapes.swift */; };
		004C896020722CFC00C0BF71 /* AnimationType.swift in Sources */ = {isa = PBXBuildFile; fileRef = 004C895F20722CFC00C0BF71 /* AnimationType.swift */; };
/* End PBXBuildFile section */

/* Begin PBXFileReference section */
		0014F40720731061000C0B5C /* BallPulse.swift */ = {isa = PBXFileReference; lastKnownFileType = sourcecode.swift; path = BallPulse.swift; sourceTree = "<group>"; };
		0014F40920731CC4000C0B5C /* BallGridPulse.swift */ = {isa = PBXFileReference; lastKnownFileType = sourcecode.swift; path = BallGridPulse.swift; sourceTree = "<group>"; };
		0014F40F20734B47000C0B5C /* HudAnimations-Bridging-Header.h */ = {isa = PBXFileReference; lastKnownFileType = sourcecode.c.h; path = "HudAnimations-Bridging-Header.h"; sourceTree = "<group>"; };
		0014F4132073558E000C0B5C /* BallClipRotate.swift */ = {isa = PBXFileReference; lastKnownFileType = sourcecode.swift; path = BallClipRotate.swift; sourceTree = "<group>"; };
		0014F41520736122000C0B5C /* SquareSpin.swift */ = {isa = PBXFileReference; lastKnownFileType = sourcecode.swift; path = SquareSpin.swift; sourceTree = "<group>"; };
		004C894320720DF500C0BF71 /* HudAnimations.app */ = {isa = PBXFileReference; explicitFileType = wrapper.application; includeInIndex = 0; path = HudAnimations.app; sourceTree = BUILT_PRODUCTS_DIR; };
		004C894620720DF500C0BF71 /* AppDelegate.swift */ = {isa = PBXFileReference; lastKnownFileType = sourcecode.swift; path = AppDelegate.swift; sourceTree = "<group>"; };
		004C894820720DF500C0BF71 /* ViewController.swift */ = {isa = PBXFileReference; lastKnownFileType = sourcecode.swift; path = ViewController.swift; sourceTree = "<group>"; };
		004C894B20720DF500C0BF71 /* Base */ = {isa = PBXFileReference; lastKnownFileType = file.storyboard; name = Base; path = Base.lproj/Main.storyboard; sourceTree = "<group>"; };
		004C894D20720DF600C0BF71 /* Assets.xcassets */ = {isa = PBXFileReference; lastKnownFileType = folder.assetcatalog; path = Assets.xcassets; sourceTree = "<group>"; };
		004C895020720DF600C0BF71 /* Base */ = {isa = PBXFileReference; lastKnownFileType = file.storyboard; name = Base; path = Base.lproj/LaunchScreen.storyboard; sourceTree = "<group>"; };
		004C895220720DF600C0BF71 /* Info.plist */ = {isa = PBXFileReference; lastKnownFileType = text.plist.xml; path = Info.plist; sourceTree = "<group>"; };
		004C895920720FC300C0BF71 /* CircleStrokeSpin.swift */ = {isa = PBXFileReference; lastKnownFileType = sourcecode.swift; path = CircleStrokeSpin.swift; sourceTree = "<group>"; };
		004C895B20720FF300C0BF71 /* CCPHud.swift */ = {isa = PBXFileReference; lastKnownFileType = sourcecode.swift; path = CCPHud.swift; sourceTree = "<group>"; };
		004C895D20721D9400C0BF71 /* LayerShapes.swift */ = {isa = PBXFileReference; lastKnownFileType = sourcecode.swift; path = LayerShapes.swift; sourceTree = "<group>"; };
		004C895F20722CFC00C0BF71 /* AnimationType.swift */ = {isa = PBXFileReference; lastKnownFileType = sourcecode.swift; path = AnimationType.swift; sourceTree = "<group>"; };
/* End PBXFileReference section */

/* Begin PBXFrameworksBuildPhase section */
		004C894020720DF500C0BF71 /* Frameworks */ = {
			isa = PBXFrameworksBuildPhase;
			buildActionMask = 2147483647;
			files = (
			);
			runOnlyForDeploymentPostprocessing = 0;
		};
/* End PBXFrameworksBuildPhase section */

/* Begin PBXGroup section */
		004C893A20720DF500C0BF71 = {
			isa = PBXGroup;
			children = (
				004C894520720DF500C0BF71 /* HudAnimations */,
				004C894420720DF500C0BF71 /* Products */,
			);
			sourceTree = "<group>";
		};
		004C894420720DF500C0BF71 /* Products */ = {
			isa = PBXGroup;
			children = (
				004C894320720DF500C0BF71 /* HudAnimations.app */,
			);
			name = Products;
			sourceTree = "<group>";
		};
		004C894520720DF500C0BF71 /* HudAnimations */ = {
			isa = PBXGroup;
			children = (
				004C895820720E0300C0BF71 /* Animations */,
				004C894620720DF500C0BF71 /* AppDelegate.swift */,
				004C894820720DF500C0BF71 /* ViewController.swift */,
				004C894A20720DF500C0BF71 /* Main.storyboard */,
				004C894D20720DF600C0BF71 /* Assets.xcassets */,
				004C894F20720DF600C0BF71 /* LaunchScreen.storyboard */,
				004C895220720DF600C0BF71 /* Info.plist */,
				0014F40F20734B47000C0B5C /* HudAnimations-Bridging-Header.h */,
			);
			path = HudAnimations;
			sourceTree = "<group>";
		};
		004C895820720E0300C0BF71 /* Animations */ = {
			isa = PBXGroup;
			children = (
				004C895920720FC300C0BF71 /* CircleStrokeSpin.swift */,
				0014F40920731CC4000C0B5C /* BallGridPulse.swift */,
				0014F40720731061000C0B5C /* BallPulse.swift */,
				004C895D20721D9400C0BF71 /* LayerShapes.swift */,
				004C895F20722CFC00C0BF71 /* AnimationType.swift */,
				004C895B20720FF300C0BF71 /* CCPHud.swift */,
				0014F4132073558E000C0B5C /* BallClipRotate.swift */,
				0014F41520736122000C0B5C /* SquareSpin.swift */,
			);
			path = Animations;
			sourceTree = "<group>";
		};
/* End PBXGroup section */

/* Begin PBXNativeTarget section */
		004C894220720DF500C0BF71 /* HudAnimations */ = {
			isa = PBXNativeTarget;
			buildConfigurationList = 004C895520720DF600C0BF71 /* Build configuration list for PBXNativeTarget "HudAnimations" */;
			buildPhases = (
				004C893F20720DF500C0BF71 /* Sources */,
				004C894020720DF500C0BF71 /* Frameworks */,
				004C894120720DF500C0BF71 /* Resources */,
			);
			buildRules = (
			);
			dependencies = (
			);
			name = HudAnimations;
			productName = HudAnimations;
			productReference = 004C894320720DF500C0BF71 /* HudAnimations.app */;
			productType = "com.apple.product-type.application";
		};
/* End PBXNativeTarget section */

/* Begin PBXProject section */
		004C893B20720DF500C0BF71 /* Project object */ = {
			isa = PBXProject;
			attributes = {
				LastSwiftUpdateCheck = 0930;
				LastUpgradeCheck = 0930;
				ORGANIZATIONNAME = "储诚鹏";
				TargetAttributes = {
					004C894220720DF500C0BF71 = {
						CreatedOnToolsVersion = 9.3;
						LastSwiftMigration = 0930;
					};
				};
			};
			buildConfigurationList = 004C893E20720DF500C0BF71 /* Build configuration list for PBXProject "HudAnimations" */;
			compatibilityVersion = "Xcode 9.3";
			developmentRegion = en;
			hasScannedForEncodings = 0;
			knownRegions = (
				en,
				Base,
			);
			mainGroup = 004C893A20720DF500C0BF71;
			productRefGroup = 004C894420720DF500C0BF71 /* Products */;
			projectDirPath = "";
			projectRoot = "";
			targets = (
				004C894220720DF500C0BF71 /* HudAnimations */,
			);
		};
/* End PBXProject section */

/* Begin PBXResourcesBuildPhase section */
		004C894120720DF500C0BF71 /* Resources */ = {
			isa = PBXResourcesBuildPhase;
			buildActionMask = 2147483647;
			files = (
				004C895120720DF600C0BF71 /* LaunchScreen.storyboard in Resources */,
				004C894E20720DF600C0BF71 /* Assets.xcassets in Resources */,
				004C894C20720DF500C0BF71 /* Main.storyboard in Resources */,
			);
			runOnlyForDeploymentPostprocessing = 0;
		};
/* End PBXResourcesBuildPhase section */

/* Begin PBXSourcesBuildPhase section */
		004C893F20720DF500C0BF71 /* Sources */ = {
			isa = PBXSourcesBuildPhase;
			buildActionMask = 2147483647;
			files = (
				0014F40A20731CC4000C0B5C /* BallGridPulse.swift in Sources */,
				0014F4142073558E000C0B5C /* BallClipRotate.swift in Sources */,
				004C894920720DF500C0BF71 /* ViewController.swift in Sources */,
				004C895E20721D9400C0BF71 /* LayerShapes.swift in Sources */,
				004C896020722CFC00C0BF71 /* AnimationType.swift in Sources */,
				0014F40820731061000C0B5C /* BallPulse.swift in Sources */,
				004C895A20720FC300C0BF71 /* CircleStrokeSpin.swift in Sources */,
				004C895C20720FF300C0BF71 /* CCPHud.swift in Sources */,
				0014F41620736122000C0B5C /* SquareSpin.swift in Sources */,
				004C894720720DF500C0BF71 /* AppDelegate.swift in Sources */,
			);
			runOnlyForDeploymentPostprocessing = 0;
		};
/* End PBXSourcesBuildPhase section */

/* Begin PBXVariantGroup section */
		004C894A20720DF500C0BF71 /* Main.storyboard */ = {
			isa = PBXVariantGroup;
			children = (
				004C894B20720DF500C0BF71 /* Base */,
			);
			name = Main.storyboard;
			sourceTree = "<group>";
		};
		004C894F20720DF600C0BF71 /* LaunchScreen.storyboard */ = {
			isa = PBXVariantGroup;
			children = (
				004C895020720DF600C0BF71 /* Base */,
			);
			name = LaunchScreen.storyboard;
			sourceTree = "<group>";
		};
/* End PBXVariantGroup section */

/* Begin XCBuildConfiguration section */
		004C895320720DF600C0BF71 /* Debug */ = {
			isa = XCBuildConfiguration;
			buildSettings = {
				ALWAYS_SEARCH_USER_PATHS = NO;
				CLANG_ANALYZER_NONNULL = YES;
				CLANG_ANALYZER_NUMBER_OBJECT_CONVERSION = YES_AGGRESSIVE;
				CLANG_CXX_LANGUAGE_STANDARD = "gnu++14";
				CLANG_CXX_LIBRARY = "libc++";
				CLANG_ENABLE_MODULES = YES;
				CLANG_ENABLE_OBJC_ARC = YES;
				CLANG_ENABLE_OBJC_WEAK = YES;
				CLANG_WARN_BLOCK_CAPTURE_AUTORELEASING = YES;
				CLANG_WARN_BOOL_CONVERSION = YES;
				CLANG_WARN_COMMA = YES;
				CLANG_WARN_CONSTANT_CONVERSION = YES;
				CLANG_WARN_DEPRECATED_OBJC_IMPLEMENTATIONS = YES;
				CLANG_WARN_DIRECT_OBJC_ISA_USAGE = YES_ERROR;
				CLANG_WARN_DOCUMENTATION_COMMENTS = YES;
				CLANG_WARN_EMPTY_BODY = YES;
				CLANG_WARN_ENUM_CONVERSION = YES;
				CLANG_WARN_INFINITE_RECURSION = YES;
				CLANG_WARN_INT_CONVERSION = YES;
				CLANG_WARN_NON_LITERAL_NULL_CONVERSION = YES;
				CLANG_WARN_OBJC_IMPLICIT_RETAIN_SELF = YES;
				CLANG_WARN_OBJC_LITERAL_CONVERSION = YES;
				CLANG_WARN_OBJC_ROOT_CLASS = YES_ERROR;
				CLANG_WARN_RANGE_LOOP_ANALYSIS = YES;
				CLANG_WARN_STRICT_PROTOTYPES = YES;
				CLANG_WARN_SUSPICIOUS_MOVE = YES;
				CLANG_WARN_UNGUARDED_AVAILABILITY = YES_AGGRESSIVE;
				CLANG_WARN_UNREACHABLE_CODE = YES;
				CLANG_WARN__DUPLICATE_METHOD_MATCH = YES;
				CODE_SIGN_IDENTITY = "iPhone Developer";
				COPY_PHASE_STRIP = NO;
				DEBUG_INFORMATION_FORMAT = dwarf;
				ENABLE_STRICT_OBJC_MSGSEND = YES;
				ENABLE_TESTABILITY = YES;
				GCC_C_LANGUAGE_STANDARD = gnu11;
				GCC_DYNAMIC_NO_PIC = NO;
				GCC_NO_COMMON_BLOCKS = YES;
				GCC_OPTIMIZATION_LEVEL = 0;
				GCC_PREPROCESSOR_DEFINITIONS = (
					"DEBUG=1",
					"$(inherited)",
				);
				GCC_WARN_64_TO_32_BIT_CONVERSION = YES;
				GCC_WARN_ABOUT_RETURN_TYPE = YES_ERROR;
				GCC_WARN_UNDECLARED_SELECTOR = YES;
				GCC_WARN_UNINITIALIZED_AUTOS = YES_AGGRESSIVE;
				GCC_WARN_UNUSED_FUNCTION = YES;
				GCC_WARN_UNUSED_VARIABLE = YES;
				IPHONEOS_DEPLOYMENT_TARGET = 11.3;
				MTL_ENABLE_DEBUG_INFO = YES;
				ONLY_ACTIVE_ARCH = YES;
				SDKROOT = iphoneos;
				SWIFT_ACTIVE_COMPILATION_CONDITIONS = DEBUG;
				SWIFT_OPTIMIZATION_LEVEL = "-Onone";
			};
			name = Debug;
		};
		004C895420720DF600C0BF71 /* Release */ = {
			isa = XCBuildConfiguration;
			buildSettings = {
				ALWAYS_SEARCH_USER_PATHS = NO;
				CLANG_ANALYZER_NONNULL = YES;
				CLANG_ANALYZER_NUMBER_OBJECT_CONVERSION = YES_AGGRESSIVE;
				CLANG_CXX_LANGUAGE_STANDARD = "gnu++14";
				CLANG_CXX_LIBRARY = "libc++";
				CLANG_ENABLE_MODULES = YES;
				CLANG_ENABLE_OBJC_ARC = YES;
				CLANG_ENABLE_OBJC_WEAK = YES;
				CLANG_WARN_BLOCK_CAPTURE_AUTORELEASING = YES;
				CLANG_WARN_BOOL_CONVERSION = YES;
				CLANG_WARN_COMMA = YES;
				CLANG_WARN_CONSTANT_CONVERSION = YES;
				CLANG_WARN_DEPRECATED_OBJC_IMPLEMENTATIONS = YES;
				CLANG_WARN_DIRECT_OBJC_ISA_USAGE = YES_ERROR;
				CLANG_WARN_DOCUMENTATION_COMMENTS = YES;
				CLANG_WARN_EMPTY_BODY = YES;
				CLANG_WARN_ENUM_CONVERSION = YES;
				CLANG_WARN_INFINITE_RECURSION = YES;
				CLANG_WARN_INT_CONVERSION = YES;
				CLANG_WARN_NON_LITERAL_NULL_CONVERSION = YES;
				CLANG_WARN_OBJC_IMPLICIT_RETAIN_SELF = YES;
				CLANG_WARN_OBJC_LITERAL_CONVERSION = YES;
				CLANG_WARN_OBJC_ROOT_CLASS = YES_ERROR;
				CLANG_WARN_RANGE_LOOP_ANALYSIS = YES;
				CLANG_WARN_STRICT_PROTOTYPES = YES;
				CLANG_WARN_SUSPICIOUS_MOVE = YES;
				CLANG_WARN_UNGUARDED_AVAILABILITY = YES_AGGRESSIVE;
				CLANG_WARN_UNREACHABLE_CODE = YES;
				CLANG_WARN__DUPLICATE_METHOD_MATCH = YES;
				CODE_SIGN_IDENTITY = "iPhone Developer";
				COPY_PHASE_STRIP = NO;
				DEBUG_INFORMATION_FORMAT = "dwarf-with-dsym";
				ENABLE_NS_ASSERTIONS = NO;
				ENABLE_STRICT_OBJC_MSGSEND = YES;
				GCC_C_LANGUAGE_STANDARD = gnu11;
				GCC_NO_COMMON_BLOCKS = YES;
				GCC_WARN_64_TO_32_BIT_CONVERSION = YES;
				GCC_WARN_ABOUT_RETURN_TYPE = YES_ERROR;
				GCC_WARN_UNDECLARED_SELECTOR = YES;
				GCC_WARN_UNINITIALIZED_AUTOS = YES_AGGRESSIVE;
				GCC_WARN_UNUSED_FUNCTION = YES;
				GCC_WARN_UNUSED_VARIABLE = YES;
				IPHONEOS_DEPLOYMENT_TARGET = 11.3;
				MTL_ENABLE_DEBUG_INFO = NO;
				SDKROOT = iphoneos;
				SWIFT_COMPILATION_MODE = wholemodule;
				SWIFT_OPTIMIZATION_LEVEL = "-O";
				VALIDATE_PRODUCT = YES;
			};
			name = Release;
		};
		004C895620720DF600C0BF71 /* Debug */ = {
			isa = XCBuildConfiguration;
			buildSettings = {
				ASSETCATALOG_COMPILER_APPICON_NAME = AppIcon;
				CLANG_ENABLE_MODULES = YES;
				CODE_SIGN_STYLE = Automatic;
				DEVELOPMENT_TEAM = V6QCEN324A;
				INFOPLIST_FILE = HudAnimations/Info.plist;
				IPHONEOS_DEPLOYMENT_TARGET = 10.0;
				LD_RUNPATH_SEARCH_PATHS = (
					"$(inherited)",
					"@executable_path/Frameworks",
				);
				PRODUCT_BUNDLE_IDENTIFIER = ccp.HudAnimations;
				PRODUCT_NAME = "$(TARGET_NAME)";
				SWIFT_OBJC_BRIDGING_HEADER = "HudAnimations/HudAnimations-Bridging-Header.h";
				SWIFT_OPTIMIZATION_LEVEL = "-Onone";
				SWIFT_VERSION = 4.0;
				TARGETED_DEVICE_FAMILY = "1,2";
			};
			name = Debug;
		};
		004C895720720DF600C0BF71 /* Release */ = {
			isa = XCBuildConfiguration;
			buildSettings = {
				ASSETCATALOG_COMPILER_APPICON_NAME = AppIcon;
				CLANG_ENABLE_MODULES = YES;
				CODE_SIGN_STYLE = Automatic;
				DEVELOPMENT_TEAM = V6QCEN324A;
				INFOPLIST_FILE = HudAnimations/Info.plist;
				IPHONEOS_DEPLOYMENT_TARGET = 10.0;
				LD_RUNPATH_SEARCH_PATHS = (
					"$(inherited)",
					"@executable_path/Frameworks",
				);
				PRODUCT_BUNDLE_IDENTIFIER = ccp.HudAnimations;
				PRODUCT_NAME = "$(TARGET_NAME)";
				SWIFT_OBJC_BRIDGING_HEADER = "HudAnimations/HudAnimations-Bridging-Header.h";
				SWIFT_VERSION = 4.0;
				TARGETED_DEVICE_FAMILY = "1,2";
			};
			name = Release;
		};
/* End XCBuildConfiguration section */

/* Begin XCConfigurationList section */
		004C893E20720DF500C0BF71 /* Build configuration list for PBXProject "HudAnimations" */ = {
			isa = XCConfigurationList;
			buildConfigurations = (
				004C895320720DF600C0BF71 /* Debug */,
				004C895420720DF600C0BF71 /* Release */,
			);
			defaultConfigurationIsVisible = 0;
			defaultConfigurationName = Release;
		};
		004C895520720DF600C0BF71 /* Build configuration list for PBXNativeTarget "HudAnimations" */ = {
			isa = XCConfigurationList;
			buildConfigurations = (
				004C895620720DF600C0BF71 /* Debug */,
				004C895720720DF600C0BF71 /* Release */,
			);
			defaultConfigurationIsVisible = 0;
			defaultConfigurationName = Release;
		};
/* End XCConfigurationList section */
	};
	rootObject = 004C893B20720DF500C0BF71 /* Project object */;
}
